
Microsoft Visual Studio Solution File, Format Version 12.00
# Visual Studio Version 16
VisualStudioVersion = 16.0.35026.282
MinimumVisualStudioVersion = 10.0.40219.1
Project("{FAE04EC0-301F-11D3-BF4B-00C04F79EFBC}") = "IPcalc", "IPcalc\IPcalc.csproj", "{2DC87314-EEAB-4812-A92F-D618AF08F4EC}"
EndProject
Project("{8BC9CEB8-8B4A-11D0-8D11-00A0C91BC942}") = "Calc", "Calc\Calc.vcxproj", "{ED72FA6F-2FC5-4EBF-95A2-73BA08D39ACB}"
EndProject
Global
	GlobalSection(SolutionConfigurationPlatforms) = preSolution
		Debug|Any CPU = Debug|Any CPU
		Debug|x64 = Debug|x64
		Debug|x86 = Debug|x86
		Release|Any CPU = Release|Any CPU
		Release|x64 = Release|x64
		Release|x86 = Release|x86
	EndGlobalSection
	GlobalSection(ProjectConfigurationPlatforms) = postSolution
		{2DC87314-EEAB-4812-A92F-D618AF08F4EC}.Debug|Any CPU.ActiveCfg = Debug|Any CPU
		{2DC87314-EEAB-4812-A92F-D618AF08F4EC}.Debug|x64.ActiveCfg = Debug|Any CPU
		{2DC87314-EEAB-4812-A92F-D618AF08F4EC}.Debug|x64.Build.0 = Debug|Any CPU
		{2DC87314-EEAB-4812-A92F-D618AF08F4EC}.Debug|x86.ActiveCfg = Debug|Any CPU
		{2DC87314-EEAB-4812-A92F-D618AF08F4EC}.Debug|x86.Build.0 = Debug|Any CPU
		{2DC87314-EEAB-4812-A92F-D618AF08F4EC}.Release|Any CPU.ActiveCfg = Release|Any CPU
		{2DC87314-EEAB-4812-A92F-D618AF08F4EC}.Release|Any CPU.Build.0 = Release|Any CPU
		{2DC87314-EEAB-4812-A92F-D618AF08F4EC}.Release|x64.ActiveCfg = Release|Any CPU
		{2DC87314-EEAB-4812-A92F-D618AF08F4EC}.Release|x64.Build.0 = Release|Any CPU
		{2DC87314-EEAB-4812-A92F-D618AF08F4EC}.Release|x86.ActiveCfg = Release|Any CPU
		{2DC87314-EEAB-4812-A92F-D618AF08F4EC}.Release|x86.Build.0 = Release|Any CPU
		{ED72FA6F-2FC5-4EBF-95A2-73BA08D39ACB}.Debug|Any CPU.ActiveCfg = Debug|Win32
		{ED72FA6F-2FC5-4EBF-95A2-73BA08D39ACB}.Debug|Any CPU.Build.0 = Debug|Win32
		{ED72FA6F-2FC5-4EBF-95A2-73BA08D39ACB}.Debug|x64.ActiveCfg = Debug|x64
		{ED72FA6F-2FC5-4EBF-95A2-73BA08D39ACB}.Debug|x64.Build.0 = Debug|x64
		{ED72FA6F-2FC5-4EBF-95A2-73BA08D39ACB}.Debug|x86.ActiveCfg = Debug|Win32
		{ED72FA6F-2FC5-4EBF-95A2-73BA08D39ACB}.Debug|x86.Build.0 = Debug|Win32
		{ED72FA6F-2FC5-4EBF-95A2-73BA08D39ACB}.Release|Any CPU.ActiveCfg = Release|Win32
		{ED72FA6F-2FC5-4EBF-95A2-73BA08D39ACB}.Release|x64.ActiveCfg = Release|x64
		{ED72FA6F-2FC5-4EBF-95A2-73BA08D39ACB}.Release|x64.Build.0 = Release|x64
		{ED72FA6F-2FC5-4EBF-95A2-73BA08D39ACB}.Release|x86.ActiveCfg = Release|Win32
		{ED72FA6F-2FC5-4EBF-95A2-73BA08D39ACB}.Release|x86.Build.0 = Release|Win32
	EndGlobalSection
	GlobalSection(SolutionProperties) = preSolution
		HideSolutionNode = FALSE
	EndGlobalSection
	GlobalSection(ExtensibilityGlobals) = postSolution
		SolutionGuid = {819C60AC-896D-49FD-ABAE-D048AFFC48E2}
	EndGlobalSection
EndGlobal
